
Microsoft Visual Studio Solution File, Format Version 12.00
# Visual Studio Version 16
VisualStudioVersion = 16.0.30907.101
MinimumVisualStudioVersion = 10.0.40219.1
Project("{FAE04EC0-301F-11D3-BF4B-00C04F79EFBC}") = "TriangleInfo", "task-1-lilya-karas-yevhen-novytskyi-1\TriangleInfo\TriangleInfo.csproj", "{3176BD75-4B6D-4509-B9D7-6F6BB0A26682}"
EndProject
Global
	GlobalSection(SolutionConfigurationPlatforms) = preSolution
		Debug|Any CPU = Debug|Any CPU
		Release|Any CPU = Release|Any CPU
	EndGlobalSection
	GlobalSection(ProjectConfigurationPlatforms) = postSolution
		{3176BD75-4B6D-4509-B9D7-6F6BB0A26682}.Debug|Any CPU.ActiveCfg = Debug|Any CPU
		{3176BD75-4B6D-4509-B9D7-6F6BB0A26682}.Debug|Any CPU.Build.0 = Debug|Any CPU
		{3176BD75-4B6D-4509-B9D7-6F6BB0A26682}.Release|Any CPU.ActiveCfg = Release|Any CPU
		{3176BD75-4B6D-4509-B9D7-6F6BB0A26682}.Release|Any CPU.Build.0 = Release|Any CPU
	EndGlobalSection
	GlobalSection(SolutionProperties) = preSolution
		HideSolutionNode = FALSE
	EndGlobalSection
	GlobalSection(ExtensibilityGlobals) = postSolution
		SolutionGuid = {151D6BC8-56E9-43B9-B9C1-500A851A92DB}
	EndGlobalSection
EndGlobal
