
Microsoft Visual Studio Solution File, Format Version 12.00
# Visual Studio Version 16
VisualStudioVersion = 16.0.31005.135
MinimumVisualStudioVersion = 10.0.40219.1
Project("{9A19103F-16F7-4668-BE54-9A1E7A4F7556}") = "TriangleInfo", "TriangleInfo.csproj", "{57E86811-52C1-49D5-8CC0-0B537C61AA89}"
EndProject
Global
	GlobalSection(SolutionConfigurationPlatforms) = preSolution
		Debug|Any CPU = Debug|Any CPU
		Release|Any CPU = Release|Any CPU
	EndGlobalSection
	GlobalSection(ProjectConfigurationPlatforms) = postSolution
		{57E86811-52C1-49D5-8CC0-0B537C61AA89}.Debug|Any CPU.ActiveCfg = Debug|Any CPU
		{57E86811-52C1-49D5-8CC0-0B537C61AA89}.Debug|Any CPU.Build.0 = Debug|Any CPU
		{57E86811-52C1-49D5-8CC0-0B537C61AA89}.Release|Any CPU.ActiveCfg = Release|Any CPU
		{57E86811-52C1-49D5-8CC0-0B537C61AA89}.Release|Any CPU.Build.0 = Release|Any CPU
	EndGlobalSection
	GlobalSection(SolutionProperties) = preSolution
		HideSolutionNode = FALSE
	EndGlobalSection
	GlobalSection(ExtensibilityGlobals) = postSolution
		SolutionGuid = {6901D99F-59F3-43D1-A587-4011EB8B961F}
	EndGlobalSection
EndGlobal
